
Microsoft Visual Studio Solution File, Format Version 12.00
# Visual Studio 15
VisualStudioVersion = 15.0.26430.16
MinimumVisualStudioVersion = 10.0.40219.1
Project("{FAE04EC0-301F-11D3-BF4B-00C04F79EFBC}") = "Calculator", "Calculator\Calculator.csproj", "{8E0FF59B-4E27-48DC-AB83-AA59DFA003BE}"
EndProject
Project("{FAE04EC0-301F-11D3-BF4B-00C04F79EFBC}") = "CalculatorTest", "CalculatorTest\CalculatorTest.csproj", "{E137C1A1-4636-409F-94FF-F08DC3B81E64}"
EndProject
Global
	GlobalSection(SolutionConfigurationPlatforms) = preSolution
		Debug|Any CPU = Debug|Any CPU
		Release|Any CPU = Release|Any CPU
	EndGlobalSection
	GlobalSection(ProjectConfigurationPlatforms) = postSolution
		{8E0FF59B-4E27-48DC-AB83-AA59DFA003BE}.Debug|Any CPU.ActiveCfg = Debug|Any CPU
		{8E0FF59B-4E27-48DC-AB83-AA59DFA003BE}.Debug|Any CPU.Build.0 = Debug|Any CPU
		{8E0FF59B-4E27-48DC-AB83-AA59DFA003BE}.Release|Any CPU.ActiveCfg = Release|Any CPU
		{8E0FF59B-4E27-48DC-AB83-AA59DFA003BE}.Release|Any CPU.Build.0 = Release|Any CPU
		{E137C1A1-4636-409F-94FF-F08DC3B81E64}.Debug|Any CPU.ActiveCfg = Debug|Any CPU
		{E137C1A1-4636-409F-94FF-F08DC3B81E64}.Debug|Any CPU.Build.0 = Debug|Any CPU
		{E137C1A1-4636-409F-94FF-F08DC3B81E64}.Release|Any CPU.ActiveCfg = Release|Any CPU
		{E137C1A1-4636-409F-94FF-F08DC3B81E64}.Release|Any CPU.Build.0 = Release|Any CPU
	EndGlobalSection
	GlobalSection(SolutionProperties) = preSolution
		HideSolutionNode = FALSE
	EndGlobalSection
EndGlobal
